<?xml version="1.0" encoding="utf-8"?>
<Project ToolsVersion="4.0" xmlns="http://schemas.microsoft.com/developer/msbuild/2003">
  <ItemGroup>
    <Filter Include="Source Files">
      <UniqueIdentifier>{4FC737F1-C7A5-4376-A066-2A32D752A2FF}</UniqueIdentifier>
      <Extensions>cpp;c;cc;cxx;c++;cppm;ixx;def;odl;idl;hpj;bat;asm;asmx</Extensions>
    </Filter>
    <Filter Include="Header Files">
      <UniqueIdentifier>{93995380-89BD-4b04-88EB-625FBE52EBFB}</UniqueIdentifier>
      <Extensions>h;hh;hpp;hxx;h++;hm;inl;inc;ipp;xsd</Extensions>
    </Filter>
    <Filter Include="Resource Files">
      <UniqueIdentifier>{67DA6AB6-F800-4c08-8B7A-83BB121AAD01}</UniqueIdentifier>
      <Extensions>rc;ico;cur;bmp;dlg;rc2;rct;bin;rgs;gif;jpg;jpeg;jpe;resx;tiff;tif;png;wav;mfcribbon-ms</Extensions>
    </Filter>
  </ItemGroup>
  <ItemGroup>
    <ClCompile Include="myCode.cpp">
      <Filter>Source Files</Filter>
    </ClCompile>
    <ClCompile Include="IntroductionHW.cpp">
      <Filter>Source Files</Filter>
    </ClCompile>
    <ClCompile Include="StringsHw02.cpp">
      <Filter>Source Files</Filter>
    </ClCompile>
    <ClCompile Include="IntroductionTextExample.cpp">
      <Filter>Source Files</Filter>
    </ClCompile>
    <ClCompile Include="StringsTextExamples.cpp">
      <Filter>Source Files</Filter>
    </ClCompile>
    <ClCompile Include="VarPrac03.cpp">
      <Filter>Source Files</Filter>
    </ClCompile>
    <ClCompile Include="VarAlg03.cpp">
      <Filter>Source Files</Filter>
    </ClCompile>
    <ClCompile Include="ExpressionsAlg04.cpp">
      <Filter>Source Files</Filter>
    </ClCompile>
    <ClCompile Include="VarHW03.cpp">
      <Filter>Source Files</Filter>
    </ClCompile>
    <ClCompile Include="ExprePractice04.cpp">
      <Filter>Source Files</Filter>
    </ClCompile>
    <ClCompile Include="ExprHW04.cpp">
      <Filter>Source Files</Filter>
    </ClCompile>
    <ClCompile Include="BranchingPrac05.cpp">
      <Filter>Source Files</Filter>
    </ClCompile>
    <ClCompile Include="TestExample06_07.cpp">
      <Filter>Source Files</Filter>
    </ClCompile>
    <ClCompile Include="LoopExamp.cpp">
      <Filter>Source Files</Filter>
    </ClCompile>
    <ClCompile Include="BranchingAlg05.cpp">
      <Filter>Source Files</Filter>
    </ClCompile>
    <ClCompile Include="NestedLoopsPrac.cpp">
      <Filter>Source Files</Filter>
    </ClCompile>
    <ClCompile Include="LoopsPrac.cpp">
      <Filter>Source Files</Filter>
    </ClCompile>
    <ClCompile Include="LoopsAlg.cpp">
      <Filter>Source Files</Filter>
    </ClCompile>
    <ClCompile Include="LoopsHW.cpp">
      <Filter>Source Files</Filter>
    </ClCompile>
    <ClCompile Include="NestedLoopsEx.cpp">
      <Filter>Source Files</Filter>
    </ClCompile>
    <ClCompile Include="NestedLoopsAlg.cpp">
      <Filter>Source Files</Filter>
    </ClCompile>
  </ItemGroup>
</Project>